{
  "object": {
    "pins": [
      {
        "package": "cmark-gfm",
        "repositoryURL": "https://github.com/zwaldowski/cmark-gfm",
        "state": {
          "branch": "swiftpm",
          "revision": "7b1b68f6fc045af27baacd4d25f32f8d3125514f",
          "version": null
        }
      }
    ]
  },
  "version": 1
}
