{
  "object": {
    "pins": [
      {
        "package": "cmark-gfm",
        "repositoryURL": "https://github.com/zwaldowski/cmark-gfm",
        "state": {
          "branch": "swiftpm",
          "revision": "6c69dcdb8673427b75724157986bd18c4ebc47b8",
          "version": null
        }
      }
    ]
  },
  "version": 1
}
